
Microsoft Visual Studio Solution File, Format Version 12.00
# Visual Studio Version 17
VisualStudioVersion = 17.10.35122.118
MinimumVisualStudioVersion = 10.0.40219.1
Project("{FAE04EC0-301F-11D3-BF4B-00C04F79EFBC}") = "abstracción y herencia", "abstracción y herencia.csproj", "{83DDD637-6398-4DD5-B97E-A1086373ABD5}"
EndProject
Global
	GlobalSection(SolutionConfigurationPlatforms) = preSolution
		Debug|Any CPU = Debug|Any CPU
		Release|Any CPU = Release|Any CPU
	EndGlobalSection
	GlobalSection(ProjectConfigurationPlatforms) = postSolution
		{83DDD637-6398-4DD5-B97E-A1086373ABD5}.Debug|Any CPU.ActiveCfg = Debug|Any CPU
		{83DDD637-6398-4DD5-B97E-A1086373ABD5}.Debug|Any CPU.Build.0 = Debug|Any CPU
		{83DDD637-6398-4DD5-B97E-A1086373ABD5}.Release|Any CPU.ActiveCfg = Release|Any CPU
		{83DDD637-6398-4DD5-B97E-A1086373ABD5}.Release|Any CPU.Build.0 = Release|Any CPU
	EndGlobalSection
	GlobalSection(SolutionProperties) = preSolution
		HideSolutionNode = FALSE
	EndGlobalSection
	GlobalSection(ExtensibilityGlobals) = postSolution
		SolutionGuid = {6FF73E05-C29D-4316-B05A-25E33CD845DF}
	EndGlobalSection
EndGlobal
